
Microsoft Visual Studio Solution File, Format Version 12.00
# Visual Studio Version 17
VisualStudioVersion = 17.2.32427.441
MinimumVisualStudioVersion = 10.0.40219.1
Project("{FAE04EC0-301F-11D3-BF4B-00C04F79EFBC}") = "HalloSingelton", "HalloSingelton\HalloSingelton.csproj", "{A44C2E6C-F6F4-4BF1-898D-3447B7411E79}"
EndProject
Global
	GlobalSection(SolutionConfigurationPlatforms) = preSolution
		Debug|Any CPU = Debug|Any CPU
		Release|Any CPU = Release|Any CPU
	EndGlobalSection
	GlobalSection(ProjectConfigurationPlatforms) = postSolution
		{A44C2E6C-F6F4-4BF1-898D-3447B7411E79}.Debug|Any CPU.ActiveCfg = Debug|Any CPU
		{A44C2E6C-F6F4-4BF1-898D-3447B7411E79}.Debug|Any CPU.Build.0 = Debug|Any CPU
		{A44C2E6C-F6F4-4BF1-898D-3447B7411E79}.Release|Any CPU.ActiveCfg = Release|Any CPU
		{A44C2E6C-F6F4-4BF1-898D-3447B7411E79}.Release|Any CPU.Build.0 = Release|Any CPU
	EndGlobalSection
	GlobalSection(SolutionProperties) = preSolution
		HideSolutionNode = FALSE
	EndGlobalSection
	GlobalSection(ExtensibilityGlobals) = postSolution
		SolutionGuid = {F9D4E758-9C14-4089-ACEA-070D2A4F3D26}
	EndGlobalSection
EndGlobal
