
Microsoft Visual Studio Solution File, Format Version 12.00
# Visual Studio Version 17
VisualStudioVersion = 17.2.32427.441
MinimumVisualStudioVersion = 10.0.40219.1
Project("{FAE04EC0-301F-11D3-BF4B-00C04F79EFBC}") = "HalloYield", "HalloYield\HalloYield.csproj", "{9D9FE3D3-6640-4074-92E0-0A7802FAE60B}"
EndProject
Global
	GlobalSection(SolutionConfigurationPlatforms) = preSolution
		Debug|Any CPU = Debug|Any CPU
		Release|Any CPU = Release|Any CPU
	EndGlobalSection
	GlobalSection(ProjectConfigurationPlatforms) = postSolution
		{9D9FE3D3-6640-4074-92E0-0A7802FAE60B}.Debug|Any CPU.ActiveCfg = Debug|Any CPU
		{9D9FE3D3-6640-4074-92E0-0A7802FAE60B}.Debug|Any CPU.Build.0 = Debug|Any CPU
		{9D9FE3D3-6640-4074-92E0-0A7802FAE60B}.Release|Any CPU.ActiveCfg = Release|Any CPU
		{9D9FE3D3-6640-4074-92E0-0A7802FAE60B}.Release|Any CPU.Build.0 = Release|Any CPU
	EndGlobalSection
	GlobalSection(SolutionProperties) = preSolution
		HideSolutionNode = FALSE
	EndGlobalSection
	GlobalSection(ExtensibilityGlobals) = postSolution
		SolutionGuid = {7F883447-0000-44DF-81FE-C1270B2FCA60}
	EndGlobalSection
EndGlobal
